{
  "name": "vuln-app",
  "lockfileVersion": 1,
  "dependencies": {
    "lodash": {
      "version": "4.17.20"
    },
    "qs": {
      "version": "5.2.0"
    },
    "minimist": {
      "version": "1.2.5"
    },
    "merge": {
      "version": "1.2.1",
      "dependencies": {
        "deep-extend": {
          "version": "0.4.1"
        }
      }
    }
  }
}
